# This file is autogenerated, do not edit; changes may be undone by the next 'dep ensure'.


[[projects]]
  branch = "master"
  name = "github.com/RichardKnop/go-fixtures"
  packages = ["."]
  revision = "91af79c20cea87539b1be1619ebd9be9e2e898e6"

[[projects]]
  branch = "master"
  name = "github.com/RichardKnop/jsonhal"
  packages = ["."]
  revision = "8d8c6803235f75d5c791da08ececf93d970cc04d"

[[projects]]
  branch = "master"
  name = "github.com/RichardKnop/logging"
  packages = ["."]
  revision = "66aaaba182584c20ec574b064975974f92f0936a"

[[projects]]
  branch = "master"
  name = "github.com/RichardKnop/uuid"
  packages = ["."]
  revision = "c55201b036063326c5b1b89ccfe45a184973d073"

[[projects]]
  name = "github.com/coreos/etcd"
  packages = ["auth/authpb","clientv3","etcdserver/api/v3rpc/rpctypes","etcdserver/etcdserverpb","mvcc/mvccpb","pkg/tlsutil","pkg/transport"]
  revision = "fb5cd6f1c72c2b98e0c4453444cdfba306da867b"
  version = "v3.2.14"

[[projects]]
  name = "github.com/davecgh/go-spew"
  packages = ["spew"]
  revision = "346938d642f2ec3594ed81d874461961cd0faa76"
  version = "v1.1.0"

[[projects]]
  branch = "master"
  name = "github.com/golang/protobuf"
  packages = ["proto","protoc-gen-go/descriptor","ptypes/any"]
  revision = "1e59b77b52bf8e4b449a57e6f79f21226d571845"

[[projects]]
  branch = "master"
  name = "github.com/gorilla/context"
  packages = ["."]
  revision = "08b5f424b9271eedf6f9f0ce86cb9396ed337a42"

[[projects]]
  branch = "master"
  name = "github.com/gorilla/mux"
  packages = ["."]
  revision = "5bbbb5b2b5729b132181cc7f4aa3b3c973e9a0ed"

[[projects]]
  name = "github.com/gorilla/securecookie"
  packages = ["."]
  revision = "667fe4e3466a040b780561fe9b51a83a3753eefc"
  version = "v1.1"

[[projects]]
  branch = "master"
  name = "github.com/gorilla/sessions"
  packages = ["."]
  revision = "a3acf13e802c358d65f249324d14ed24aac11370"

[[projects]]
  name = "github.com/hashicorp/consul"
  packages = ["api"]
  revision = "112c0603d3d6fb23ab5f15e8fdb1a761da8eaf9a"
  version = "v0.9.3"

[[projects]]
  branch = "master"
  name = "github.com/hashicorp/go-cleanhttp"
  packages = ["."]
  revision = "d5fe4b57a186c716b0e00b8c301cbd9b4182694d"

[[projects]]
  branch = "master"
  name = "github.com/hashicorp/go-rootcerts"
  packages = ["."]
  revision = "6bb64b370b90e7ef1fa532be9e591a81c3493e00"

[[projects]]
  name = "github.com/hashicorp/serf"
  packages = ["coordinate"]
  revision = "d6574a5bb1226678d7010325fb6c985db20ee458"
  version = "v0.8.1"

[[projects]]
  branch = "master"
  name = "github.com/jinzhu/gorm"
  packages = ["."]
  revision = "0a51f6cdc55d1650d9ed3b4c13026cfa9133b01e"

[[projects]]
  branch = "master"
  name = "github.com/jinzhu/inflection"
  packages = ["."]
  revision = "1c35d901db3da928c72a72d8458480cc9ade058f"

[[projects]]
  branch = "master"
  name = "github.com/lib/pq"
  packages = [".","oid"]
  revision = "83612a56d3dd153a94a629cd64925371c9adad78"

[[projects]]
  name = "github.com/mattn/go-sqlite3"
  packages = ["."]
  revision = "6c771bb9887719704b210e87e934f08be014bdb1"
  version = "v1.6.0"

[[projects]]
  branch = "master"
  name = "github.com/mitchellh/go-homedir"
  packages = ["."]
  revision = "b8bc1bf767474819792c23f32d8286a45736f1c6"

[[projects]]
  branch = "master"
  name = "github.com/mitchellh/mapstructure"
  packages = ["."]
  revision = "b4575eea38cca1123ec2dc90c26529b5c5acfcff"

[[projects]]
  branch = "master"
  name = "github.com/oxtoacart/bpool"
  packages = ["."]
  revision = "4e1c5567d7c2dd59fa4c7c83d34c2f3528b025d6"

[[projects]]
  branch = "master"
  name = "github.com/phyber/negroni-gzip"
  packages = ["gzip"]
  revision = "8118ae63850fee22b2fe43cea81d3bc149774503"

[[projects]]
  name = "github.com/pmezard/go-difflib"
  packages = ["difflib"]
  revision = "792786c7400a136282c1664665ae0a8db921c6c2"
  version = "v1.0.0"

[[projects]]
  name = "github.com/stretchr/objx"
  packages = ["."]
  revision = "facf9a85c22f48d2f52f2380e4efce1768749a89"
  version = "v0.1"

[[projects]]
  branch = "master"
  name = "github.com/stretchr/testify"
  packages = ["assert","mock","require","suite"]
  revision = "87b1dfb5b2fa649f52695dd9eae19abe404a4308"

[[projects]]
  branch = "master"
  name = "github.com/unrolled/secure"
  packages = ["."]
  revision = "d6ff8660e1a61e887970a917ee2b9be0cfad6d40"

[[projects]]
  branch = "master"
  name = "github.com/urfave/cli"
  packages = ["."]
  revision = "75104e932ac2ddb944a6ea19d9f9f26316ff1145"

[[projects]]
  branch = "master"
  name = "github.com/urfave/negroni"
  packages = ["."]
  revision = "ff85fb036d90eda8518001242fcded1024e05c98"

[[projects]]
  branch = "master"
  name = "golang.org/x/crypto"
  packages = ["bcrypt","blowfish"]
  revision = "13931e22f9e72ea58bb73048bc752b48c6d4d4ac"

[[projects]]
  branch = "master"
  name = "golang.org/x/net"
  packages = ["context","http2","http2/hpack","idna","internal/timeseries","lex/httplex","trace"]
  revision = "5ccada7d0a7ba9aeb5d3aca8d3501b4c2a509fec"

[[projects]]
  branch = "master"
  name = "golang.org/x/text"
  packages = ["collate","collate/build","internal/colltab","internal/gen","internal/tag","internal/triegen","internal/ucd","language","secure/bidirule","transform","unicode/bidi","unicode/cldr","unicode/norm","unicode/rangetable"]
  revision = "e19ae1496984b1c655b8044a65c0300a3c878dd3"

[[projects]]
  branch = "master"
  name = "google.golang.org/genproto"
  packages = ["googleapis/api/annotations","googleapis/rpc/status"]
  revision = "a8101f21cf983e773d0c1133ebc5424792003214"

[[projects]]
  name = "google.golang.org/grpc"
  packages = [".","codes","connectivity","credentials","grpclb/grpc_lb_v1","grpclog","health/grpc_health_v1","internal","keepalive","metadata","naming","peer","stats","status","tap","transport"]
  revision = "b3ddf786825de56a4178401b7e174ee332173b66"
  version = "v1.5.2"

[[projects]]
  name = "gopkg.in/tylerb/graceful.v1"
  packages = ["."]
  revision = "4654dfbb6ad53cb5e27f37d99b02e16c1872fbbb"
  version = "v1.2.15"

[[projects]]
  branch = "v2"
  name = "gopkg.in/yaml.v2"
  packages = ["."]
  revision = "d670f9405373e636a5a2765eea47fac0c9bc91a4"

[solve-meta]
  analyzer-name = "dep"
  analyzer-version = 1
  inputs-digest = "6ca6fda7d9c0b8a6baf55b6a9c62901c27a1c3b002ea241001e84e7f6a8c974a"
  solver-name = "gps-cdcl"
  solver-version = 1
